// !$*UTF8*$!
{
	archiveVersion = 1;
	classes = {
	};
	objectVersion = 46;
	objects = {

/* Begin PBXBuildFile section */
		9C90C6E71B43083100E8FD0B /* main.m in Sources */ = {isa = PBXBuildFile; fileRef = 9C90C6E61B43083100E8FD0B /* main.m */; };
		9C90C6EA1B43083200E8FD0B /* AppDelegate.m in Sources */ = {isa = PBXBuildFile; fileRef = 9C90C6E91B43083200E8FD0B /* AppDelegate.m */; };
		9C90C6ED1B43083200E8FD0B /* ViewController.m in Sources */ = {isa = PBXBuildFile; fileRef = 9C90C6EC1B43083200E8FD0B /* ViewController.m */; };
		9C90C6F01B43083300E8FD0B /* Main.storyboard in Resources */ = {isa = PBXBuildFile; fileRef = 9C90C6EE1B43083300E8FD0B /* Main.storyboard */; };
		9C90C6F21B43083400E8FD0B /* Images.xcassets in Resources */ = {isa = PBXBuildFile; fileRef = 9C90C6F11B43083400E8FD0B /* Images.xcassets */; };
		9C90C6F51B43083500E8FD0B /* LaunchScreen.xib in Resources */ = {isa = PBXBuildFile; fileRef = 9C90C6F31B43083500E8FD0B /* LaunchScreen.xib */; };
		9C90C7011B43083500E8FD0B /* BatchProcessingTests.m in Sources */ = {isa = PBXBuildFile; fileRef = 9C90C7001B43083500E8FD0B /* BatchProcessingTests.m */; };
		9C90C70C1B430E4500E8FD0B /* libsqlite3.0.dylib in Frameworks */ = {isa = PBXBuildFile; fileRef = 9C90C70B1B430E4500E8FD0B /* libsqlite3.0.dylib */; };
		9C90C7151B430EEC00E8FD0B /* Database.m in Sources */ = {isa = PBXBuildFile; fileRef = 9C90C7141B430EEC00E8FD0B /* Database.m */; };
		9C90C71D1B4317B700E8FD0B /* PhoneObject.m in Sources */ = {isa = PBXBuildFile; fileRef = 9C90C71C1B4317B700E8FD0B /* PhoneObject.m */; };
		9C90C71F1B431C0900E8FD0B /* Phones.db in Resources */ = {isa = PBXBuildFile; fileRef = 9C90C71E1B431C0900E8FD0B /* Phones.db */; };
		9C90C7221B431E0B00E8FD0B /* Utils.m in Sources */ = {isa = PBXBuildFile; fileRef = 9C90C7211B431E0B00E8FD0B /* Utils.m */; };
/* End PBXBuildFile section */

/* Begin PBXContainerItemProxy section */
		9C90C6FB1B43083500E8FD0B /* PBXContainerItemProxy */ = {
			isa = PBXContainerItemProxy;
			containerPortal = 9C90C6D91B43083100E8FD0B /* Project object */;
			proxyType = 1;
			remoteGlobalIDString = 9C90C6E01B43083100E8FD0B;
			remoteInfo = BatchProcessing;
		};
/* End PBXContainerItemProxy section */

/* Begin PBXFileReference section */
		9C90C6E11B43083100E8FD0B /* BatchProcessing.app */ = {isa = PBXFileReference; explicitFileType = wrapper.application; includeInIndex = 0; path = BatchProcessing.app; sourceTree = BUILT_PRODUCTS_DIR; };
		9C90C6E51B43083100E8FD0B /* Info.plist */ = {isa = PBXFileReference; lastKnownFileType = text.plist.xml; path = Info.plist; sourceTree = "<group>"; };
		9C90C6E61B43083100E8FD0B /* main.m */ = {isa = PBXFileReference; lastKnownFileType = sourcecode.c.objc; path = main.m; sourceTree = "<group>"; };
		9C90C6E81B43083200E8FD0B /* AppDelegate.h */ = {isa = PBXFileReference; lastKnownFileType = sourcecode.c.h; path = AppDelegate.h; sourceTree = "<group>"; };
		9C90C6E91B43083200E8FD0B /* AppDelegate.m */ = {isa = PBXFileReference; lastKnownFileType = sourcecode.c.objc; path = AppDelegate.m; sourceTree = "<group>"; };
		9C90C6EB1B43083200E8FD0B /* ViewController.h */ = {isa = PBXFileReference; lastKnownFileType = sourcecode.c.h; path = ViewController.h; sourceTree = "<group>"; };
		9C90C6EC1B43083200E8FD0B /* ViewController.m */ = {isa = PBXFileReference; lastKnownFileType = sourcecode.c.objc; path = ViewController.m; sourceTree = "<group>"; };
		9C90C6EF1B43083300E8FD0B /* Base */ = {isa = PBXFileReference; lastKnownFileType = file.storyboard; name = Base; path = Base.lproj/Main.storyboard; sourceTree = "<group>"; };
		9C90C6F11B43083400E8FD0B /* Images.xcassets */ = {isa = PBXFileReference; lastKnownFileType = folder.assetcatalog; path = Images.xcassets; sourceTree = "<group>"; };
		9C90C6F41B43083500E8FD0B /* Base */ = {isa = PBXFileReference; lastKnownFileType = file.xib; name = Base; path = Base.lproj/LaunchScreen.xib; sourceTree = "<group>"; };
		9C90C6FA1B43083500E8FD0B /* BatchProcessingTests.xctest */ = {isa = PBXFileReference; explicitFileType = wrapper.cfbundle; includeInIndex = 0; path = BatchProcessingTests.xctest; sourceTree = BUILT_PRODUCTS_DIR; };
		9C90C6FF1B43083500E8FD0B /* Info.plist */ = {isa = PBXFileReference; lastKnownFileType = text.plist.xml; path = Info.plist; sourceTree = "<group>"; };
		9C90C7001B43083500E8FD0B /* BatchProcessingTests.m */ = {isa = PBXFileReference; lastKnownFileType = sourcecode.c.objc; path = BatchProcessingTests.m; sourceTree = "<group>"; };
		9C90C70B1B430E4500E8FD0B /* libsqlite3.0.dylib */ = {isa = PBXFileReference; lastKnownFileType = "compiled.mach-o.dylib"; name = libsqlite3.0.dylib; path = usr/lib/libsqlite3.0.dylib; sourceTree = SDKROOT; };
		9C90C7131B430EEC00E8FD0B /* Database.h */ = {isa = PBXFileReference; fileEncoding = 4; lastKnownFileType = sourcecode.c.h; path = Database.h; sourceTree = "<group>"; };
		9C90C7141B430EEC00E8FD0B /* Database.m */ = {isa = PBXFileReference; fileEncoding = 4; lastKnownFileType = sourcecode.c.objc; path = Database.m; sourceTree = "<group>"; };
		9C90C71B1B4317B700E8FD0B /* PhoneObject.h */ = {isa = PBXFileReference; fileEncoding = 4; lastKnownFileType = sourcecode.c.h; path = PhoneObject.h; sourceTree = "<group>"; };
		9C90C71C1B4317B700E8FD0B /* PhoneObject.m */ = {isa = PBXFileReference; fileEncoding = 4; lastKnownFileType = sourcecode.c.objc; path = PhoneObject.m; sourceTree = "<group>"; };
		9C90C71E1B431C0900E8FD0B /* Phones.db */ = {isa = PBXFileReference; lastKnownFileType = file; name = Phones.db; path = ../Phones.db; sourceTree = "<group>"; };
		9C90C7201B431E0B00E8FD0B /* Utils.h */ = {isa = PBXFileReference; fileEncoding = 4; lastKnownFileType = sourcecode.c.h; path = Utils.h; sourceTree = "<group>"; };
		9C90C7211B431E0B00E8FD0B /* Utils.m */ = {isa = PBXFileReference; fileEncoding = 4; lastKnownFileType = sourcecode.c.objc; path = Utils.m; sourceTree = "<group>"; };
/* End PBXFileReference section */

/* Begin PBXFrameworksBuildPhase section */
		9C90C6DE1B43083100E8FD0B /* Frameworks */ = {
			isa = PBXFrameworksBuildPhase;
			buildActionMask = 2147483647;
			files = (
				9C90C70C1B430E4500E8FD0B /* libsqlite3.0.dylib in Frameworks */,
			);
			runOnlyForDeploymentPostprocessing = 0;
		};
		9C90C6F71B43083500E8FD0B /* Frameworks */ = {
			isa = PBXFrameworksBuildPhase;
			buildActionMask = 2147483647;
			files = (
			);
			runOnlyForDeploymentPostprocessing = 0;
		};
/* End PBXFrameworksBuildPhase section */

/* Begin PBXGroup section */
		9C90C6D81B43083100E8FD0B = {
			isa = PBXGroup;
			children = (
				9C90C70D1B430E5600E8FD0B /* Frameworks */,
				9C90C6E31B43083100E8FD0B /* BatchProcessing */,
				9C90C6FD1B43083500E8FD0B /* BatchProcessingTests */,
				9C90C6E21B43083100E8FD0B /* Products */,
			);
			sourceTree = "<group>";
		};
		9C90C6E21B43083100E8FD0B /* Products */ = {
			isa = PBXGroup;
			children = (
				9C90C6E11B43083100E8FD0B /* BatchProcessing.app */,
				9C90C6FA1B43083500E8FD0B /* BatchProcessingTests.xctest */,
			);
			name = Products;
			sourceTree = "<group>";
		};
		9C90C6E31B43083100E8FD0B /* BatchProcessing */ = {
			isa = PBXGroup;
			children = (
				9C90C7121B430ED600E8FD0B /* Classes */,
				9C90C7111B430EBB00E8FD0B /* Images */,
				9C90C7101B430EA900E8FD0B /* Storyboards */,
				9C90C70F1B430E9A00E8FD0B /* Controllers */,
				9C90C70E1B430E8E00E8FD0B /* Root */,
				9C90C6E41B43083100E8FD0B /* Supporting Files */,
			);
			path = BatchProcessing;
			sourceTree = "<group>";
		};
		9C90C6E41B43083100E8FD0B /* Supporting Files */ = {
			isa = PBXGroup;
			children = (
				9C90C71E1B431C0900E8FD0B /* Phones.db */,
				9C90C6E51B43083100E8FD0B /* Info.plist */,
				9C90C6E61B43083100E8FD0B /* main.m */,
			);
			name = "Supporting Files";
			sourceTree = "<group>";
		};
		9C90C6FD1B43083500E8FD0B /* BatchProcessingTests */ = {
			isa = PBXGroup;
			children = (
				9C90C7001B43083500E8FD0B /* BatchProcessingTests.m */,
				9C90C6FE1B43083500E8FD0B /* Supporting Files */,
			);
			path = BatchProcessingTests;
			sourceTree = "<group>";
		};
		9C90C6FE1B43083500E8FD0B /* Supporting Files */ = {
			isa = PBXGroup;
			children = (
				9C90C6FF1B43083500E8FD0B /* Info.plist */,
			);
			name = "Supporting Files";
			sourceTree = "<group>";
		};
		9C90C70D1B430E5600E8FD0B /* Frameworks */ = {
			isa = PBXGroup;
			children = (
				9C90C70B1B430E4500E8FD0B /* libsqlite3.0.dylib */,
			);
			name = Frameworks;
			path = BatchProcessing;
			sourceTree = "<group>";
		};
		9C90C70E1B430E8E00E8FD0B /* Root */ = {
			isa = PBXGroup;
			children = (
				9C90C6E81B43083200E8FD0B /* AppDelegate.h */,
				9C90C6E91B43083200E8FD0B /* AppDelegate.m */,
			);
			name = Root;
			sourceTree = "<group>";
		};
		9C90C70F1B430E9A00E8FD0B /* Controllers */ = {
			isa = PBXGroup;
			children = (
				9C90C6EB1B43083200E8FD0B /* ViewController.h */,
				9C90C6EC1B43083200E8FD0B /* ViewController.m */,
			);
			name = Controllers;
			sourceTree = "<group>";
		};
		9C90C7101B430EA900E8FD0B /* Storyboards */ = {
			isa = PBXGroup;
			children = (
				9C90C6EE1B43083300E8FD0B /* Main.storyboard */,
				9C90C6F31B43083500E8FD0B /* LaunchScreen.xib */,
			);
			name = Storyboards;
			sourceTree = "<group>";
		};
		9C90C7111B430EBB00E8FD0B /* Images */ = {
			isa = PBXGroup;
			children = (
				9C90C6F11B43083400E8FD0B /* Images.xcassets */,
			);
			name = Images;
			sourceTree = "<group>";
		};
		9C90C7121B430ED600E8FD0B /* Classes */ = {
			isa = PBXGroup;
			children = (
				9C90C7131B430EEC00E8FD0B /* Database.h */,
				9C90C7141B430EEC00E8FD0B /* Database.m */,
				9C90C71B1B4317B700E8FD0B /* PhoneObject.h */,
				9C90C71C1B4317B700E8FD0B /* PhoneObject.m */,
				9C90C7201B431E0B00E8FD0B /* Utils.h */,
				9C90C7211B431E0B00E8FD0B /* Utils.m */,
			);
			name = Classes;
			sourceTree = "<group>";
		};
/* End PBXGroup section */

/* Begin PBXNativeTarget section */
		9C90C6E01B43083100E8FD0B /* BatchProcessing */ = {
			isa = PBXNativeTarget;
			buildConfigurationList = 9C90C7041B43083500E8FD0B /* Build configuration list for PBXNativeTarget "BatchProcessing" */;
			buildPhases = (
				9C90C6DD1B43083100E8FD0B /* Sources */,
				9C90C6DE1B43083100E8FD0B /* Frameworks */,
				9C90C6DF1B43083100E8FD0B /* Resources */,
			);
			buildRules = (
			);
			dependencies = (
			);
			name = BatchProcessing;
			productName = BatchProcessing;
			productReference = 9C90C6E11B43083100E8FD0B /* BatchProcessing.app */;
			productType = "com.apple.product-type.application";
		};
		9C90C6F91B43083500E8FD0B /* BatchProcessingTests */ = {
			isa = PBXNativeTarget;
			buildConfigurationList = 9C90C7071B43083500E8FD0B /* Build configuration list for PBXNativeTarget "BatchProcessingTests" */;
			buildPhases = (
				9C90C6F61B43083500E8FD0B /* Sources */,
				9C90C6F71B43083500E8FD0B /* Frameworks */,
				9C90C6F81B43083500E8FD0B /* Resources */,
			);
			buildRules = (
			);
			dependencies = (
				9C90C6FC1B43083500E8FD0B /* PBXTargetDependency */,
			);
			name = BatchProcessingTests;
			productName = BatchProcessingTests;
			productReference = 9C90C6FA1B43083500E8FD0B /* BatchProcessingTests.xctest */;
			productType = "com.apple.product-type.bundle.unit-test";
		};
/* End PBXNativeTarget section */

/* Begin PBXProject section */
		9C90C6D91B43083100E8FD0B /* Project object */ = {
			isa = PBXProject;
			attributes = {
				LastUpgradeCheck = 0630;
				ORGANIZATIONNAME = "Marcelo Sampaio";
				TargetAttributes = {
					9C90C6E01B43083100E8FD0B = {
						CreatedOnToolsVersion = 6.3.2;
					};
					9C90C6F91B43083500E8FD0B = {
						CreatedOnToolsVersion = 6.3.2;
						TestTargetID = 9C90C6E01B43083100E8FD0B;
					};
				};
			};
			buildConfigurationList = 9C90C6DC1B43083100E8FD0B /* Build configuration list for PBXProject "BatchProcessing" */;
			compatibilityVersion = "Xcode 3.2";
			developmentRegion = English;
			hasScannedForEncodings = 0;
			knownRegions = (
				en,
				Base,
			);
			mainGroup = 9C90C6D81B43083100E8FD0B;
			productRefGroup = 9C90C6E21B43083100E8FD0B /* Products */;
			projectDirPath = "";
			projectRoot = "";
			targets = (
				9C90C6E01B43083100E8FD0B /* BatchProcessing */,
				9C90C6F91B43083500E8FD0B /* BatchProcessingTests */,
			);
		};
/* End PBXProject section */

/* Begin PBXResourcesBuildPhase section */
		9C90C6DF1B43083100E8FD0B /* Resources */ = {
			isa = PBXResourcesBuildPhase;
			buildActionMask = 2147483647;
			files = (
				9C90C71F1B431C0900E8FD0B /* Phones.db in Resources */,
				9C90C6F01B43083300E8FD0B /* Main.storyboard in Resources */,
				9C90C6F51B43083500E8FD0B /* LaunchScreen.xib in Resources */,
				9C90C6F21B43083400E8FD0B /* Images.xcassets in Resources */,
			);
			runOnlyForDeploymentPostprocessing = 0;
		};
		9C90C6F81B43083500E8FD0B /* Resources */ = {
			isa = PBXResourcesBuildPhase;
			buildActionMask = 2147483647;
			files = (
			);
			runOnlyForDeploymentPostprocessing = 0;
		};
/* End PBXResourcesBuildPhase section */

/* Begin PBXSourcesBuildPhase section */
		9C90C6DD1B43083100E8FD0B /* Sources */ = {
			isa = PBXSourcesBuildPhase;
			buildActionMask = 2147483647;
			files = (
				9C90C6ED1B43083200E8FD0B /* ViewController.m in Sources */,
				9C90C6EA1B43083200E8FD0B /* AppDelegate.m in Sources */,
				9C90C7151B430EEC00E8FD0B /* Database.m in Sources */,
				9C90C7221B431E0B00E8FD0B /* Utils.m in Sources */,
				9C90C6E71B43083100E8FD0B /* main.m in Sources */,
				9C90C71D1B4317B700E8FD0B /* PhoneObject.m in Sources */,
			);
			runOnlyForDeploymentPostprocessing = 0;
		};
		9C90C6F61B43083500E8FD0B /* Sources */ = {
			isa = PBXSourcesBuildPhase;
			buildActionMask = 2147483647;
			files = (
				9C90C7011B43083500E8FD0B /* BatchProcessingTests.m in Sources */,
			);
			runOnlyForDeploymentPostprocessing = 0;
		};
/* End PBXSourcesBuildPhase section */

/* Begin PBXTargetDependency section */
		9C90C6FC1B43083500E8FD0B /* PBXTargetDependency */ = {
			isa = PBXTargetDependency;
			target = 9C90C6E01B43083100E8FD0B /* BatchProcessing */;
			targetProxy = 9C90C6FB1B43083500E8FD0B /* PBXContainerItemProxy */;
		};
/* End PBXTargetDependency section */

/* Begin PBXVariantGroup section */
		9C90C6EE1B43083300E8FD0B /* Main.storyboard */ = {
			isa = PBXVariantGroup;
			children = (
				9C90C6EF1B43083300E8FD0B /* Base */,
			);
			name = Main.storyboard;
			sourceTree = "<group>";
		};
		9C90C6F31B43083500E8FD0B /* LaunchScreen.xib */ = {
			isa = PBXVariantGroup;
			children = (
				9C90C6F41B43083500E8FD0B /* Base */,
			);
			name = LaunchScreen.xib;
			sourceTree = "<group>";
		};
/* End PBXVariantGroup section */

/* Begin XCBuildConfiguration section */
		9C90C7021B43083500E8FD0B /* Debug */ = {
			isa = XCBuildConfiguration;
			buildSettings = {
				ALWAYS_SEARCH_USER_PATHS = NO;
				CLANG_CXX_LANGUAGE_STANDARD = "gnu++0x";
				CLANG_CXX_LIBRARY = "libc++";
				CLANG_ENABLE_MODULES = YES;
				CLANG_ENABLE_OBJC_ARC = YES;
				CLANG_WARN_BOOL_CONVERSION = YES;
				CLANG_WARN_CONSTANT_CONVERSION = YES;
				CLANG_WARN_DIRECT_OBJC_ISA_USAGE = YES_ERROR;
				CLANG_WARN_EMPTY_BODY = YES;
				CLANG_WARN_ENUM_CONVERSION = YES;
				CLANG_WARN_INT_CONVERSION = YES;
				CLANG_WARN_OBJC_ROOT_CLASS = YES_ERROR;
				CLANG_WARN_UNREACHABLE_CODE = YES;
				CLANG_WARN__DUPLICATE_METHOD_MATCH = YES;
				"CODE_SIGN_IDENTITY[sdk=iphoneos*]" = "iPhone Developer";
				COPY_PHASE_STRIP = NO;
				DEBUG_INFORMATION_FORMAT = "dwarf-with-dsym";
				ENABLE_STRICT_OBJC_MSGSEND = YES;
				GCC_C_LANGUAGE_STANDARD = gnu99;
				GCC_DYNAMIC_NO_PIC = NO;
				GCC_NO_COMMON_BLOCKS = YES;
				GCC_OPTIMIZATION_LEVEL = 0;
				GCC_PREPROCESSOR_DEFINITIONS = (
					"DEBUG=1",
					"$(inherited)",
				);
				GCC_SYMBOLS_PRIVATE_EXTERN = NO;
				GCC_WARN_64_TO_32_BIT_CONVERSION = YES;
				GCC_WARN_ABOUT_RETURN_TYPE = YES_ERROR;
				GCC_WARN_UNDECLARED_SELECTOR = YES;
				GCC_WARN_UNINITIALIZED_AUTOS = YES_AGGRESSIVE;
				GCC_WARN_UNUSED_FUNCTION = YES;
				GCC_WARN_UNUSED_VARIABLE = YES;
				IPHONEOS_DEPLOYMENT_TARGET = 8.3;
				MTL_ENABLE_DEBUG_INFO = YES;
				ONLY_ACTIVE_ARCH = YES;
				SDKROOT = iphoneos;
			};
			name = Debug;
		};
		9C90C7031B43083500E8FD0B /* Release */ = {
			isa = XCBuildConfiguration;
			buildSettings = {
				ALWAYS_SEARCH_USER_PATHS = NO;
				CLANG_CXX_LANGUAGE_STANDARD = "gnu++0x";
				CLANG_CXX_LIBRARY = "libc++";
				CLANG_ENABLE_MODULES = YES;
				CLANG_ENABLE_OBJC_ARC = YES;
				CLANG_WARN_BOOL_CONVERSION = YES;
				CLANG_WARN_CONSTANT_CONVERSION = YES;
				CLANG_WARN_DIRECT_OBJC_ISA_USAGE = YES_ERROR;
				CLANG_WARN_EMPTY_BODY = YES;
				CLANG_WARN_ENUM_CONVERSION = YES;
				CLANG_WARN_INT_CONVERSION = YES;
				CLANG_WARN_OBJC_ROOT_CLASS = YES_ERROR;
				CLANG_WARN_UNREACHABLE_CODE = YES;
				CLANG_WARN__DUPLICATE_METHOD_MATCH = YES;
				"CODE_SIGN_IDENTITY[sdk=iphoneos*]" = "iPhone Developer";
				COPY_PHASE_STRIP = NO;
				DEBUG_INFORMATION_FORMAT = "dwarf-with-dsym";
				ENABLE_NS_ASSERTIONS = NO;
				ENABLE_STRICT_OBJC_MSGSEND = YES;
				GCC_C_LANGUAGE_STANDARD = gnu99;
				GCC_NO_COMMON_BLOCKS = YES;
				GCC_WARN_64_TO_32_BIT_CONVERSION = YES;
				GCC_WARN_ABOUT_RETURN_TYPE = YES_ERROR;
				GCC_WARN_UNDECLARED_SELECTOR = YES;
				GCC_WARN_UNINITIALIZED_AUTOS = YES_AGGRESSIVE;
				GCC_WARN_UNUSED_FUNCTION = YES;
				GCC_WARN_UNUSED_VARIABLE = YES;
				IPHONEOS_DEPLOYMENT_TARGET = 8.3;
				MTL_ENABLE_DEBUG_INFO = NO;
				SDKROOT = iphoneos;
				VALIDATE_PRODUCT = YES;
			};
			name = Release;
		};
		9C90C7051B43083500E8FD0B /* Debug */ = {
			isa = XCBuildConfiguration;
			buildSettings = {
				ASSETCATALOG_COMPILER_APPICON_NAME = AppIcon;
				INFOPLIST_FILE = BatchProcessing/Info.plist;
				LD_RUNPATH_SEARCH_PATHS = "$(inherited) @executable_path/Frameworks";
				PRODUCT_NAME = "$(TARGET_NAME)";
			};
			name = Debug;
		};
		9C90C7061B43083500E8FD0B /* Release */ = {
			isa = XCBuildConfiguration;
			buildSettings = {
				ASSETCATALOG_COMPILER_APPICON_NAME = AppIcon;
				INFOPLIST_FILE = BatchProcessing/Info.plist;
				LD_RUNPATH_SEARCH_PATHS = "$(inherited) @executable_path/Frameworks";
				PRODUCT_NAME = "$(TARGET_NAME)";
			};
			name = Release;
		};
		9C90C7081B43083500E8FD0B /* Debug */ = {
			isa = XCBuildConfiguration;
			buildSettings = {
				BUNDLE_LOADER = "$(TEST_HOST)";
				FRAMEWORK_SEARCH_PATHS = (
					"$(SDKROOT)/Developer/Library/Frameworks",
					"$(inherited)",
				);
				GCC_PREPROCESSOR_DEFINITIONS = (
					"DEBUG=1",
					"$(inherited)",
				);
				INFOPLIST_FILE = BatchProcessingTests/Info.plist;
				LD_RUNPATH_SEARCH_PATHS = "$(inherited) @executable_path/Frameworks @loader_path/Frameworks";
				PRODUCT_NAME = "$(TARGET_NAME)";
				TEST_HOST = "$(BUILT_PRODUCTS_DIR)/BatchProcessing.app/BatchProcessing";
			};
			name = Debug;
		};
		9C90C7091B43083500E8FD0B /* Release */ = {
			isa = XCBuildConfiguration;
			buildSettings = {
				BUNDLE_LOADER = "$(TEST_HOST)";
				FRAMEWORK_SEARCH_PATHS = (
					"$(SDKROOT)/Developer/Library/Frameworks",
					"$(inherited)",
				);
				INFOPLIST_FILE = BatchProcessingTests/Info.plist;
				LD_RUNPATH_SEARCH_PATHS = "$(inherited) @executable_path/Frameworks @loader_path/Frameworks";
				PRODUCT_NAME = "$(TARGET_NAME)";
				TEST_HOST = "$(BUILT_PRODUCTS_DIR)/BatchProcessing.app/BatchProcessing";
			};
			name = Release;
		};
/* End XCBuildConfiguration section */

/* Begin XCConfigurationList section */
		9C90C6DC1B43083100E8FD0B /* Build configuration list for PBXProject "BatchProcessing" */ = {
			isa = XCConfigurationList;
			buildConfigurations = (
				9C90C7021B43083500E8FD0B /* Debug */,
				9C90C7031B43083500E8FD0B /* Release */,
			);
			defaultConfigurationIsVisible = 0;
			defaultConfigurationName = Release;
		};
		9C90C7041B43083500E8FD0B /* Build configuration list for PBXNativeTarget "BatchProcessing" */ = {
			isa = XCConfigurationList;
			buildConfigurations = (
				9C90C7051B43083500E8FD0B /* Debug */,
				9C90C7061B43083500E8FD0B /* Release */,
			);
			defaultConfigurationIsVisible = 0;
		};
		9C90C7071B43083500E8FD0B /* Build configuration list for PBXNativeTarget "BatchProcessingTests" */ = {
			isa = XCConfigurationList;
			buildConfigurations = (
				9C90C7081B43083500E8FD0B /* Debug */,
				9C90C7091B43083500E8FD0B /* Release */,
			);
			defaultConfigurationIsVisible = 0;
		};
/* End XCConfigurationList section */
	};
	rootObject = 9C90C6D91B43083100E8FD0B /* Project object */;
}
